
Microsoft Visual Studio Solution File, Format Version 12.00
# Visual Studio Version 17
VisualStudioVersion = 17.6.33829.357
MinimumVisualStudioVersion = 10.0.40219.1
Project("{2150E333-8FDC-42A3-9474-1A3956D46DE8}") = "src", "src", "{6E2CCD07-F2F1-4E49-BB23-F3A1C30CF157}"
EndProject
Project("{2150E333-8FDC-42A3-9474-1A3956D46DE8}") = "tests", "tests", "{0B3047BD-3D8C-41CE-A5B2-84C187AD9D2C}"
EndProject
Project("{2150E333-8FDC-42A3-9474-1A3956D46DE8}") = "API", "API", "{24D7F106-75D3-41D5-9922-4644076A8899}"
EndProject
Project("{2150E333-8FDC-42A3-9474-1A3956D46DE8}") = "Core", "Core", "{DFD2A39B-B82F-4601-BF1C-D5C5D0FDA28E}"
EndProject
Project("{2150E333-8FDC-42A3-9474-1A3956D46DE8}") = "Infrastructure", "Infrastructure", "{C560116C-3547-48DC-A35E-21CFBC8215B4}"
EndProject
Project("{2150E333-8FDC-42A3-9474-1A3956D46DE8}") = "UI", "UI", "{1CFE9912-6AFB-488A-942C-91FFA504D3AD}"
EndProject
Project("{FAE04EC0-301F-11D3-BF4B-00C04F79EFBC}") = "HrLeaveManagement.Domain", "HrLeaveManagement.Domain\HrLeaveManagement.Domain.csproj", "{1970A292-195E-4A16-BA2B-BDD1F9E5D4FA}"
EndProject
Project("{FAE04EC0-301F-11D3-BF4B-00C04F79EFBC}") = "HrLeaveManagement.Application", "HrLeaveManagement.Application\HrLeaveManagement.Application.csproj", "{7F1C8663-5CAC-4BB8-AE46-F208B9BEFB66}"
EndProject
Global
	GlobalSection(SolutionConfigurationPlatforms) = preSolution
		Debug|Any CPU = Debug|Any CPU
		Release|Any CPU = Release|Any CPU
	EndGlobalSection
	GlobalSection(ProjectConfigurationPlatforms) = postSolution
		{1970A292-195E-4A16-BA2B-BDD1F9E5D4FA}.Debug|Any CPU.ActiveCfg = Debug|Any CPU
		{1970A292-195E-4A16-BA2B-BDD1F9E5D4FA}.Debug|Any CPU.Build.0 = Debug|Any CPU
		{1970A292-195E-4A16-BA2B-BDD1F9E5D4FA}.Release|Any CPU.ActiveCfg = Release|Any CPU
		{1970A292-195E-4A16-BA2B-BDD1F9E5D4FA}.Release|Any CPU.Build.0 = Release|Any CPU
		{7F1C8663-5CAC-4BB8-AE46-F208B9BEFB66}.Debug|Any CPU.ActiveCfg = Debug|Any CPU
		{7F1C8663-5CAC-4BB8-AE46-F208B9BEFB66}.Debug|Any CPU.Build.0 = Debug|Any CPU
		{7F1C8663-5CAC-4BB8-AE46-F208B9BEFB66}.Release|Any CPU.ActiveCfg = Release|Any CPU
		{7F1C8663-5CAC-4BB8-AE46-F208B9BEFB66}.Release|Any CPU.Build.0 = Release|Any CPU
	EndGlobalSection
	GlobalSection(SolutionProperties) = preSolution
		HideSolutionNode = FALSE
	EndGlobalSection
	GlobalSection(NestedProjects) = preSolution
		{24D7F106-75D3-41D5-9922-4644076A8899} = {6E2CCD07-F2F1-4E49-BB23-F3A1C30CF157}
		{DFD2A39B-B82F-4601-BF1C-D5C5D0FDA28E} = {6E2CCD07-F2F1-4E49-BB23-F3A1C30CF157}
		{C560116C-3547-48DC-A35E-21CFBC8215B4} = {6E2CCD07-F2F1-4E49-BB23-F3A1C30CF157}
		{1CFE9912-6AFB-488A-942C-91FFA504D3AD} = {6E2CCD07-F2F1-4E49-BB23-F3A1C30CF157}
		{1970A292-195E-4A16-BA2B-BDD1F9E5D4FA} = {DFD2A39B-B82F-4601-BF1C-D5C5D0FDA28E}
		{7F1C8663-5CAC-4BB8-AE46-F208B9BEFB66} = {DFD2A39B-B82F-4601-BF1C-D5C5D0FDA28E}
	EndGlobalSection
	GlobalSection(ExtensibilityGlobals) = postSolution
		SolutionGuid = {ED37DE8C-20C2-4612-9A19-55E4409A9F59}
	EndGlobalSection
EndGlobal
